
Microsoft Visual Studio Solution File, Format Version 12.00
# Visual Studio 2012
Project("{FAE04EC0-301F-11D3-BF4B-00C04F79EFBC}") = "OdeToFood_Dev", "OdeToFood_Dev\OdeToFood_Dev.csproj", "{A980E51F-83C2-4F07-A9CE-7502F3090D17}"
EndProject
Project("{FAE04EC0-301F-11D3-BF4B-00C04F79EFBC}") = "OdeToFood_Dev.Tests", "OdeToFood_Dev.Tests\OdeToFood_Dev.Tests.csproj", "{A77E3BBD-FEED-432B-92F6-74CD8BA0EDCC}"
EndProject
Global
	GlobalSection(TeamFoundationVersionControl) = preSolution
		SccNumberOfProjects = 3
		SccEnterpriseProvider = {4CA58AB2-18FA-4F8D-95D4-32DDF27D184C}
		SccTeamFoundationServer = http://moonipulate:8080/tfs/pluralsightcollection
		SccLocalPath0 = .
		SccProjectUniqueName1 = OdeToFood_Dev.Tests\\OdeToFood_Dev.Tests.csproj
		SccProjectName1 = OdeToFood_Dev.Tests
		SccLocalPath1 = OdeToFood_Dev.Tests
		SccProjectUniqueName2 = OdeToFood_Dev\\OdeToFood_Dev.csproj
		SccProjectName2 = OdeToFood_Dev
		SccLocalPath2 = OdeToFood_Dev
	EndGlobalSection
	GlobalSection(SolutionConfigurationPlatforms) = preSolution
		Debug|Any CPU = Debug|Any CPU
		Release|Any CPU = Release|Any CPU
	EndGlobalSection
	GlobalSection(ProjectConfigurationPlatforms) = postSolution
		{A980E51F-83C2-4F07-A9CE-7502F3090D17}.Debug|Any CPU.ActiveCfg = Debug|Any CPU
		{A980E51F-83C2-4F07-A9CE-7502F3090D17}.Debug|Any CPU.Build.0 = Debug|Any CPU
		{A980E51F-83C2-4F07-A9CE-7502F3090D17}.Release|Any CPU.ActiveCfg = Release|Any CPU
		{A980E51F-83C2-4F07-A9CE-7502F3090D17}.Release|Any CPU.Build.0 = Release|Any CPU
		{A77E3BBD-FEED-432B-92F6-74CD8BA0EDCC}.Debug|Any CPU.ActiveCfg = Debug|Any CPU
		{A77E3BBD-FEED-432B-92F6-74CD8BA0EDCC}.Debug|Any CPU.Build.0 = Debug|Any CPU
		{A77E3BBD-FEED-432B-92F6-74CD8BA0EDCC}.Release|Any CPU.ActiveCfg = Release|Any CPU
		{A77E3BBD-FEED-432B-92F6-74CD8BA0EDCC}.Release|Any CPU.Build.0 = Release|Any CPU
	EndGlobalSection
	GlobalSection(SolutionProperties) = preSolution
		HideSolutionNode = FALSE
	EndGlobalSection
EndGlobal
